Microsoft Visual Studio Solution File, Format Version 11.00
# Visual Studio 2008

Project("{29CED2FA-B994-4800-5AF7-3D6293750DE2}") = "Dark-Haven", "Assembly-CSharp-firstpass.csproj", "{F5583E11-D5BF-0B3E-486D-7317A9AC0B27}"
EndProject
Project("{29CED2FA-B994-4800-5AF7-3D6293750DE2}") = "Dark-Haven", "Assembly-CSharp.csproj", "{A5D1D9F5-DFB6-036E-0204-5821D1168312}"
EndProject
Project("{29CED2FA-B994-4800-5AF7-3D6293750DE2}") = "Dark-Haven", "Assembly-CSharp-Editor-firstpass.csproj", "{CF5CFAA2-576F-793A-B2E4-3B9F0C992269}"
EndProject
Project("{29CED2FA-B994-4800-5AF7-3D6293750DE2}") = "Dark-Haven", "Assembly-CSharp-Editor.csproj", "{87B3D826-455F-1365-CE5A-5492B7D3159D}"
EndProject
Global
	GlobalSection(SolutionConfigurationPlatforms) = preSolution
		Debug|Any CPU = Debug|Any CPU
		Release|Any CPU = Release|Any CPU
	EndGlobalSection
	GlobalSection(ProjectConfigurationPlatforms) = postSolution
		{F5583E11-D5BF-0B3E-486D-7317A9AC0B27}.Debug|Any CPU.ActiveCfg = Debug|Any CPU
		{F5583E11-D5BF-0B3E-486D-7317A9AC0B27}.Debug|Any CPU.Build.0 = Debug|Any CPU
		{F5583E11-D5BF-0B3E-486D-7317A9AC0B27}.Release|Any CPU.ActiveCfg = Release|Any CPU
		{F5583E11-D5BF-0B3E-486D-7317A9AC0B27}.Release|Any CPU.Build.0 = Release|Any CPU
		{A5D1D9F5-DFB6-036E-0204-5821D1168312}.Debug|Any CPU.ActiveCfg = Debug|Any CPU
		{A5D1D9F5-DFB6-036E-0204-5821D1168312}.Debug|Any CPU.Build.0 = Debug|Any CPU
		{A5D1D9F5-DFB6-036E-0204-5821D1168312}.Release|Any CPU.ActiveCfg = Release|Any CPU
		{A5D1D9F5-DFB6-036E-0204-5821D1168312}.Release|Any CPU.Build.0 = Release|Any CPU
		{CF5CFAA2-576F-793A-B2E4-3B9F0C992269}.Debug|Any CPU.ActiveCfg = Debug|Any CPU
		{CF5CFAA2-576F-793A-B2E4-3B9F0C992269}.Debug|Any CPU.Build.0 = Debug|Any CPU
		{CF5CFAA2-576F-793A-B2E4-3B9F0C992269}.Release|Any CPU.ActiveCfg = Release|Any CPU
		{CF5CFAA2-576F-793A-B2E4-3B9F0C992269}.Release|Any CPU.Build.0 = Release|Any CPU
		{87B3D826-455F-1365-CE5A-5492B7D3159D}.Debug|Any CPU.ActiveCfg = Debug|Any CPU
		{87B3D826-455F-1365-CE5A-5492B7D3159D}.Debug|Any CPU.Build.0 = Debug|Any CPU
		{87B3D826-455F-1365-CE5A-5492B7D3159D}.Release|Any CPU.ActiveCfg = Release|Any CPU
		{87B3D826-455F-1365-CE5A-5492B7D3159D}.Release|Any CPU.Build.0 = Release|Any CPU
	EndGlobalSection
	GlobalSection(SolutionProperties) = preSolution
		HideSolutionNode = FALSE
	EndGlobalSection
	GlobalSection(MonoDevelopProperties) = preSolution
		StartupItem = Assembly-CSharp.csproj
	EndGlobalSection
EndGlobal
